
Microsoft Visual Studio Solution File, Format Version 12.00
# Visual Studio Version 17
VisualStudioVersion = 17.9.34616.47
MinimumVisualStudioVersion = 10.0.40219.1
Project("{FAE04EC0-301F-11D3-BF4B-00C04F79EFBC}") = "Sup ChatApp", "Sup ChatApp.csproj", "{A3A2F450-79B2-42FE-B614-E13EF790775C}"
EndProject
Global
	GlobalSection(SolutionConfigurationPlatforms) = preSolution
		Debug|Any CPU = Debug|Any CPU
		Release|Any CPU = Release|Any CPU
	EndGlobalSection
	GlobalSection(ProjectConfigurationPlatforms) = postSolution
		{A3A2F450-79B2-42FE-B614-E13EF790775C}.Debug|Any CPU.ActiveCfg = Debug|Any CPU
		{A3A2F450-79B2-42FE-B614-E13EF790775C}.Debug|Any CPU.Build.0 = Debug|Any CPU
		{A3A2F450-79B2-42FE-B614-E13EF790775C}.Release|Any CPU.ActiveCfg = Release|Any CPU
		{A3A2F450-79B2-42FE-B614-E13EF790775C}.Release|Any CPU.Build.0 = Release|Any CPU
	EndGlobalSection
	GlobalSection(SolutionProperties) = preSolution
		HideSolutionNode = FALSE
	EndGlobalSection
	GlobalSection(ExtensibilityGlobals) = postSolution
		SolutionGuid = {E6321B0E-AF49-47EA-90B8-BB0A3396D486}
	EndGlobalSection
EndGlobal
